
Microsoft Visual Studio Solution File, Format Version 12.00
# Visual Studio Version 17
VisualStudioVersion = 17.8.34316.72
MinimumVisualStudioVersion = 10.0.40219.1
Project("{FAE04EC0-301F-11D3-BF4B-00C04F79EFBC}") = "ConsoleApp1", "ConsoleApp1\ConsoleApp1.csproj", "{2D149121-8200-4392-8585-C9BDEDE40466}"
EndProject
Global
	GlobalSection(SolutionConfigurationPlatforms) = preSolution
		Debug|Any CPU = Debug|Any CPU
		Release|Any CPU = Release|Any CPU
	EndGlobalSection
	GlobalSection(ProjectConfigurationPlatforms) = postSolution
		{2D149121-8200-4392-8585-C9BDEDE40466}.Debug|Any CPU.ActiveCfg = Debug|Any CPU
		{2D149121-8200-4392-8585-C9BDEDE40466}.Debug|Any CPU.Build.0 = Debug|Any CPU
		{2D149121-8200-4392-8585-C9BDEDE40466}.Release|Any CPU.ActiveCfg = Release|Any CPU
		{2D149121-8200-4392-8585-C9BDEDE40466}.Release|Any CPU.Build.0 = Release|Any CPU
	EndGlobalSection
	GlobalSection(SolutionProperties) = preSolution
		HideSolutionNode = FALSE
	EndGlobalSection
	GlobalSection(ExtensibilityGlobals) = postSolution
		SolutionGuid = {F61DD08B-E81A-4AA3-B328-C89413A67524}
	EndGlobalSection
EndGlobal
